// !$*UTF8*$!
{
	archiveVersion = 1;
	classes = {
	};
	objectVersion = 56;
	objects = {

/* Begin PBXBuildFile section */
		47B3FCB62B560099000FBC97 /* FrenchSpellingApp.swift in Sources */ = {isa = PBXBuildFile; fileRef = 47B3FCB52B560099000FBC97 /* FrenchSpellingApp.swift */; };
		47B3FCBA2B56009A000FBC97 /* Assets.xcassets in Resources */ = {isa = PBXBuildFile; fileRef = 47B3FCB92B56009A000FBC97 /* Assets.xcassets */; };
		47B3FCBD2B56009A000FBC97 /* Preview Assets.xcassets in Resources */ = {isa = PBXBuildFile; fileRef = 47B3FCBC2B56009A000FBC97 /* Preview Assets.xcassets */; };
		47B3FCC72B56044A000FBC97 /* QuizView.swift in Sources */ = {isa = PBXBuildFile; fileRef = 47B3FCC62B56044A000FBC97 /* QuizView.swift */; };
		47B3FCC92B56142D000FBC97 /* WordView.swift in Sources */ = {isa = PBXBuildFile; fileRef = 47B3FCC82B56142D000FBC97 /* WordView.swift */; };
		47B3FCCB2B562A49000FBC97 /* AnswerState.swift in Sources */ = {isa = PBXBuildFile; fileRef = 47B3FCCA2B562A49000FBC97 /* AnswerState.swift */; };
		47B3FCCD2B562EB4000FBC97 /* Question.swift in Sources */ = {isa = PBXBuildFile; fileRef = 47B3FCCC2B562EB4000FBC97 /* Question.swift */; };
		47B3FCD02B56C527000FBC97 /* SharedFunctions.swift in Sources */ = {isa = PBXBuildFile; fileRef = 47B3FCCF2B56C527000FBC97 /* SharedFunctions.swift */; };
/* End PBXBuildFile section */

/* Begin PBXFileReference section */
		47B3FCB22B560099000FBC97 /* FrenchSpelling.app */ = {isa = PBXFileReference; explicitFileType = wrapper.application; includeInIndex = 0; path = FrenchSpelling.app; sourceTree = BUILT_PRODUCTS_DIR; };
		47B3FCB52B560099000FBC97 /* FrenchSpellingApp.swift */ = {isa = PBXFileReference; lastKnownFileType = sourcecode.swift; path = FrenchSpellingApp.swift; sourceTree = "<group>"; };
		47B3FCB92B56009A000FBC97 /* Assets.xcassets */ = {isa = PBXFileReference; lastKnownFileType = folder.assetcatalog; path = Assets.xcassets; sourceTree = "<group>"; };
		47B3FCBC2B56009A000FBC97 /* Preview Assets.xcassets */ = {isa = PBXFileReference; lastKnownFileType = folder.assetcatalog; path = "Preview Assets.xcassets"; sourceTree = "<group>"; };
		47B3FCBE2B56009A000FBC97 /* FrenchSpelling.entitlements */ = {isa = PBXFileReference; lastKnownFileType = text.plist.entitlements; path = FrenchSpelling.entitlements; sourceTree = "<group>"; };
		47B3FCC62B56044A000FBC97 /* QuizView.swift */ = {isa = PBXFileReference; lastKnownFileType = sourcecode.swift; path = QuizView.swift; sourceTree = "<group>"; };
		47B3FCC82B56142D000FBC97 /* WordView.swift */ = {isa = PBXFileReference; lastKnownFileType = sourcecode.swift; path = WordView.swift; sourceTree = "<group>"; };
		47B3FCCA2B562A49000FBC97 /* AnswerState.swift */ = {isa = PBXFileReference; lastKnownFileType = sourcecode.swift; path = AnswerState.swift; sourceTree = "<group>"; };
		47B3FCCC2B562EB4000FBC97 /* Question.swift */ = {isa = PBXFileReference; lastKnownFileType = sourcecode.swift; path = Question.swift; sourceTree = "<group>"; };
		47B3FCCF2B56C527000FBC97 /* SharedFunctions.swift */ = {isa = PBXFileReference; lastKnownFileType = sourcecode.swift; path = SharedFunctions.swift; sourceTree = "<group>"; };
/* End PBXFileReference section */

/* Begin PBXFrameworksBuildPhase section */
		47B3FCAF2B560099000FBC97 /* Frameworks */ = {
			isa = PBXFrameworksBuildPhase;
			buildActionMask = 2147483647;
			files = (
			);
			runOnlyForDeploymentPostprocessing = 0;
		};
/* End PBXFrameworksBuildPhase section */

/* Begin PBXGroup section */
		47B3FCA92B560099000FBC97 = {
			isa = PBXGroup;
			children = (
				47B3FCB52B560099000FBC97 /* FrenchSpellingApp.swift */,
				47B3FCB42B560099000FBC97 /* FrenchSpelling */,
				47B3FCB32B560099000FBC97 /* Products */,
			);
			sourceTree = "<group>";
		};
		47B3FCB32B560099000FBC97 /* Products */ = {
			isa = PBXGroup;
			children = (
				47B3FCB22B560099000FBC97 /* FrenchSpelling.app */,
			);
			name = Products;
			sourceTree = "<group>";
		};
		47B3FCB42B560099000FBC97 /* FrenchSpelling */ = {
			isa = PBXGroup;
			children = (
				47B3FCCE2B56C4F3000FBC97 /* Helpers */,
				47B3FCC52B5603FE000FBC97 /* Model */,
				47B3FCC42B5603F6000FBC97 /* Views */,
				47B3FCB92B56009A000FBC97 /* Assets.xcassets */,
				47B3FCBE2B56009A000FBC97 /* FrenchSpelling.entitlements */,
				47B3FCBB2B56009A000FBC97 /* Preview Content */,
			);
			path = FrenchSpelling;
			sourceTree = "<group>";
		};
		47B3FCBB2B56009A000FBC97 /* Preview Content */ = {
			isa = PBXGroup;
			children = (
				47B3FCBC2B56009A000FBC97 /* Preview Assets.xcassets */,
			);
			path = "Preview Content";
			sourceTree = "<group>";
		};
		47B3FCC42B5603F6000FBC97 /* Views */ = {
			isa = PBXGroup;
			children = (
				47B3FCC62B56044A000FBC97 /* QuizView.swift */,
				47B3FCC82B56142D000FBC97 /* WordView.swift */,
			);
			path = Views;
			sourceTree = "<group>";
		};
		47B3FCC52B5603FE000FBC97 /* Model */ = {
			isa = PBXGroup;
			children = (
				47B3FCCA2B562A49000FBC97 /* AnswerState.swift */,
				47B3FCCC2B562EB4000FBC97 /* Question.swift */,
			);
			path = Model;
			sourceTree = "<group>";
		};
		47B3FCCE2B56C4F3000FBC97 /* Helpers */ = {
			isa = PBXGroup;
			children = (
				47B3FCCF2B56C527000FBC97 /* SharedFunctions.swift */,
			);
			path = Helpers;
			sourceTree = "<group>";
		};
/* End PBXGroup section */

/* Begin PBXNativeTarget section */
		47B3FCB12B560099000FBC97 /* FrenchSpelling */ = {
			isa = PBXNativeTarget;
			buildConfigurationList = 47B3FCC12B56009A000FBC97 /* Build configuration list for PBXNativeTarget "FrenchSpelling" */;
			buildPhases = (
				47B3FCAE2B560099000FBC97 /* Sources */,
				47B3FCAF2B560099000FBC97 /* Frameworks */,
				47B3FCB02B560099000FBC97 /* Resources */,
			);
			buildRules = (
			);
			dependencies = (
			);
			name = FrenchSpelling;
			productName = FrenchSpelling;
			productReference = 47B3FCB22B560099000FBC97 /* FrenchSpelling.app */;
			productType = "com.apple.product-type.application";
		};
/* End PBXNativeTarget section */

/* Begin PBXProject section */
		47B3FCAA2B560099000FBC97 /* Project object */ = {
			isa = PBXProject;
			attributes = {
				BuildIndependentTargetsInParallel = 1;
				LastSwiftUpdateCheck = 1520;
				LastUpgradeCheck = 1520;
				TargetAttributes = {
					47B3FCB12B560099000FBC97 = {
						CreatedOnToolsVersion = 15.2;
					};
				};
			};
			buildConfigurationList = 47B3FCAD2B560099000FBC97 /* Build configuration list for PBXProject "FrenchSpelling" */;
			compatibilityVersion = "Xcode 14.0";
			developmentRegion = en;
			hasScannedForEncodings = 0;
			knownRegions = (
				en,
				Base,
			);
			mainGroup = 47B3FCA92B560099000FBC97;
			productRefGroup = 47B3FCB32B560099000FBC97 /* Products */;
			projectDirPath = "";
			projectRoot = "";
			targets = (
				47B3FCB12B560099000FBC97 /* FrenchSpelling */,
			);
		};
/* End PBXProject section */

/* Begin PBXResourcesBuildPhase section */
		47B3FCB02B560099000FBC97 /* Resources */ = {
			isa = PBXResourcesBuildPhase;
			buildActionMask = 2147483647;
			files = (
				47B3FCBD2B56009A000FBC97 /* Preview Assets.xcassets in Resources */,
				47B3FCBA2B56009A000FBC97 /* Assets.xcassets in Resources */,
			);
			runOnlyForDeploymentPostprocessing = 0;
		};
/* End PBXResourcesBuildPhase section */

/* Begin PBXSourcesBuildPhase section */
		47B3FCAE2B560099000FBC97 /* Sources */ = {
			isa = PBXSourcesBuildPhase;
			buildActionMask = 2147483647;
			files = (
				47B3FCCD2B562EB4000FBC97 /* Question.swift in Sources */,
				47B3FCB62B560099000FBC97 /* FrenchSpellingApp.swift in Sources */,
				47B3FCD02B56C527000FBC97 /* SharedFunctions.swift in Sources */,
				47B3FCCB2B562A49000FBC97 /* AnswerState.swift in Sources */,
				47B3FCC72B56044A000FBC97 /* QuizView.swift in Sources */,
				47B3FCC92B56142D000FBC97 /* WordView.swift in Sources */,
			);
			runOnlyForDeploymentPostprocessing = 0;
		};
/* End PBXSourcesBuildPhase section */

/* Begin XCBuildConfiguration section */
		47B3FCBF2B56009A000FBC97 /* Debug */ = {
			isa = XCBuildConfiguration;
			buildSettings = {
				ALWAYS_SEARCH_USER_PATHS = NO;
				ASSETCATALOG_COMPILER_GENERATE_SWIFT_ASSET_SYMBOL_EXTENSIONS = YES;
				CLANG_ANALYZER_NONNULL = YES;
				CLANG_ANALYZER_NUMBER_OBJECT_CONVERSION = YES_AGGRESSIVE;
				CLANG_CXX_LANGUAGE_STANDARD = "gnu++20";
				CLANG_ENABLE_MODULES = YES;
				CLANG_ENABLE_OBJC_ARC = YES;
				CLANG_ENABLE_OBJC_WEAK = YES;
				CLANG_WARN_BLOCK_CAPTURE_AUTORELEASING = YES;
				CLANG_WARN_BOOL_CONVERSION = YES;
				CLANG_WARN_COMMA = YES;
				CLANG_WARN_CONSTANT_CONVERSION = YES;
				CLANG_WARN_DEPRECATED_OBJC_IMPLEMENTATIONS = YES;
				CLANG_WARN_DIRECT_OBJC_ISA_USAGE = YES_ERROR;
				CLANG_WARN_DOCUMENTATION_COMMENTS = YES;
				CLANG_WARN_EMPTY_BODY = YES;
				CLANG_WARN_ENUM_CONVERSION = YES;
				CLANG_WARN_INFINITE_RECURSION = YES;
				CLANG_WARN_INT_CONVERSION = YES;
				CLANG_WARN_NON_LITERAL_NULL_CONVERSION = YES;
				CLANG_WARN_OBJC_IMPLICIT_RETAIN_SELF = YES;
				CLANG_WARN_OBJC_LITERAL_CONVERSION = YES;
				CLANG_WARN_OBJC_ROOT_CLASS = YES_ERROR;
				CLANG_WARN_QUOTED_INCLUDE_IN_FRAMEWORK_HEADER = YES;
				CLANG_WARN_RANGE_LOOP_ANALYSIS = YES;
				CLANG_WARN_STRICT_PROTOTYPES = YES;
				CLANG_WARN_SUSPICIOUS_MOVE = YES;
				CLANG_WARN_UNGUARDED_AVAILABILITY = YES_AGGRESSIVE;
				CLANG_WARN_UNREACHABLE_CODE = YES;
				CLANG_WARN__DUPLICATE_METHOD_MATCH = YES;
				COPY_PHASE_STRIP = NO;
				DEBUG_INFORMATION_FORMAT = dwarf;
				ENABLE_STRICT_OBJC_MSGSEND = YES;
				ENABLE_TESTABILITY = YES;
				ENABLE_USER_SCRIPT_SANDBOXING = YES;
				GCC_C_LANGUAGE_STANDARD = gnu17;
				GCC_DYNAMIC_NO_PIC = NO;
				GCC_NO_COMMON_BLOCKS = YES;
				GCC_OPTIMIZATION_LEVEL = 0;
				GCC_PREPROCESSOR_DEFINITIONS = (
					"DEBUG=1",
					"$(inherited)",
				);
				GCC_WARN_64_TO_32_BIT_CONVERSION = YES;
				GCC_WARN_ABOUT_RETURN_TYPE = YES_ERROR;
				GCC_WARN_UNDECLARED_SELECTOR = YES;
				GCC_WARN_UNINITIALIZED_AUTOS = YES_AGGRESSIVE;
				GCC_WARN_UNUSED_FUNCTION = YES;
				GCC_WARN_UNUSED_VARIABLE = YES;
				LOCALIZATION_PREFERS_STRING_CATALOGS = YES;
				MACOSX_DEPLOYMENT_TARGET = 14.0;
				MTL_ENABLE_DEBUG_INFO = INCLUDE_SOURCE;
				MTL_FAST_MATH = YES;
				ONLY_ACTIVE_ARCH = YES;
				SDKROOT = macosx;
				SWIFT_ACTIVE_COMPILATION_CONDITIONS = "DEBUG $(inherited)";
				SWIFT_OPTIMIZATION_LEVEL = "-Onone";
			};
			name = Debug;
		};
		47B3FCC02B56009A000FBC97 /* Release */ = {
			isa = XCBuildConfiguration;
			buildSettings = {
				ALWAYS_SEARCH_USER_PATHS = NO;
				ASSETCATALOG_COMPILER_GENERATE_SWIFT_ASSET_SYMBOL_EXTENSIONS = YES;
				CLANG_ANALYZER_NONNULL = YES;
				CLANG_ANALYZER_NUMBER_OBJECT_CONVERSION = YES_AGGRESSIVE;
				CLANG_CXX_LANGUAGE_STANDARD = "gnu++20";
				CLANG_ENABLE_MODULES = YES;
				CLANG_ENABLE_OBJC_ARC = YES;
				CLANG_ENABLE_OBJC_WEAK = YES;
				CLANG_WARN_BLOCK_CAPTURE_AUTORELEASING = YES;
				CLANG_WARN_BOOL_CONVERSION = YES;
				CLANG_WARN_COMMA = YES;
				CLANG_WARN_CONSTANT_CONVERSION = YES;
				CLANG_WARN_DEPRECATED_OBJC_IMPLEMENTATIONS = YES;
				CLANG_WARN_DIRECT_OBJC_ISA_USAGE = YES_ERROR;
				CLANG_WARN_DOCUMENTATION_COMMENTS = YES;
				CLANG_WARN_EMPTY_BODY = YES;
				CLANG_WARN_ENUM_CONVERSION = YES;
				CLANG_WARN_INFINITE_RECURSION = YES;
				CLANG_WARN_INT_CONVERSION = YES;
				CLANG_WARN_NON_LITERAL_NULL_CONVERSION = YES;
				CLANG_WARN_OBJC_IMPLICIT_RETAIN_SELF = YES;
				CLANG_WARN_OBJC_LITERAL_CONVERSION = YES;
				CLANG_WARN_OBJC_ROOT_CLASS = YES_ERROR;
				CLANG_WARN_QUOTED_INCLUDE_IN_FRAMEWORK_HEADER = YES;
				CLANG_WARN_RANGE_LOOP_ANALYSIS = YES;
				CLANG_WARN_STRICT_PROTOTYPES = YES;
				CLANG_WARN_SUSPICIOUS_MOVE = YES;
				CLANG_WARN_UNGUARDED_AVAILABILITY = YES_AGGRESSIVE;
				CLANG_WARN_UNREACHABLE_CODE = YES;
				CLANG_WARN__DUPLICATE_METHOD_MATCH = YES;
				COPY_PHASE_STRIP = NO;
				DEBUG_INFORMATION_FORMAT = "dwarf-with-dsym";
				ENABLE_NS_ASSERTIONS = NO;
				ENABLE_STRICT_OBJC_MSGSEND = YES;
				ENABLE_USER_SCRIPT_SANDBOXING = YES;
				GCC_C_LANGUAGE_STANDARD = gnu17;
				GCC_NO_COMMON_BLOCKS = YES;
				GCC_WARN_64_TO_32_BIT_CONVERSION = YES;
				GCC_WARN_ABOUT_RETURN_TYPE = YES_ERROR;
				GCC_WARN_UNDECLARED_SELECTOR = YES;
				GCC_WARN_UNINITIALIZED_AUTOS = YES_AGGRESSIVE;
				GCC_WARN_UNUSED_FUNCTION = YES;
				GCC_WARN_UNUSED_VARIABLE = YES;
				LOCALIZATION_PREFERS_STRING_CATALOGS = YES;
				MACOSX_DEPLOYMENT_TARGET = 14.0;
				MTL_ENABLE_DEBUG_INFO = NO;
				MTL_FAST_MATH = YES;
				SDKROOT = macosx;
				SWIFT_COMPILATION_MODE = wholemodule;
			};
			name = Release;
		};
		47B3FCC22B56009A000FBC97 /* Debug */ = {
			isa = XCBuildConfiguration;
			buildSettings = {
				ASSETCATALOG_COMPILER_APPICON_NAME = AppIcon;
				ASSETCATALOG_COMPILER_GLOBAL_ACCENT_COLOR_NAME = AccentColor;
				CODE_SIGN_ENTITLEMENTS = FrenchSpelling/FrenchSpelling.entitlements;
				CODE_SIGN_STYLE = Automatic;
				COMBINE_HIDPI_IMAGES = YES;
				CURRENT_PROJECT_VERSION = 1;
				DEVELOPMENT_ASSET_PATHS = "\"FrenchSpelling/Preview Content\"";
				DEVELOPMENT_TEAM = B3NSGRQYHM;
				ENABLE_HARDENED_RUNTIME = YES;
				ENABLE_PREVIEWS = YES;
				GENERATE_INFOPLIST_FILE = YES;
				INFOPLIST_KEY_NSHumanReadableCopyright = "";
				LD_RUNPATH_SEARCH_PATHS = (
					"$(inherited)",
					"@executable_path/../Frameworks",
				);
				MARKETING_VERSION = 1.0;
				PRODUCT_BUNDLE_IDENTIFIER = ca.lewisbrocklehurst.FrenchSpelling;
				PRODUCT_NAME = "$(TARGET_NAME)";
				SWIFT_EMIT_LOC_STRINGS = YES;
				SWIFT_VERSION = 5.0;
			};
			name = Debug;
		};
		47B3FCC32B56009A000FBC97 /* Release */ = {
			isa = XCBuildConfiguration;
			buildSettings = {
				ASSETCATALOG_COMPILER_APPICON_NAME = AppIcon;
				ASSETCATALOG_COMPILER_GLOBAL_ACCENT_COLOR_NAME = AccentColor;
				CODE_SIGN_ENTITLEMENTS = FrenchSpelling/FrenchSpelling.entitlements;
				CODE_SIGN_STYLE = Automatic;
				COMBINE_HIDPI_IMAGES = YES;
				CURRENT_PROJECT_VERSION = 1;
				DEVELOPMENT_ASSET_PATHS = "\"FrenchSpelling/Preview Content\"";
				DEVELOPMENT_TEAM = B3NSGRQYHM;
				ENABLE_HARDENED_RUNTIME = YES;
				ENABLE_PREVIEWS = YES;
				GENERATE_INFOPLIST_FILE = YES;
				INFOPLIST_KEY_NSHumanReadableCopyright = "";
				LD_RUNPATH_SEARCH_PATHS = (
					"$(inherited)",
					"@executable_path/../Frameworks",
				);
				MARKETING_VERSION = 1.0;
				PRODUCT_BUNDLE_IDENTIFIER = ca.lewisbrocklehurst.FrenchSpelling;
				PRODUCT_NAME = "$(TARGET_NAME)";
				SWIFT_EMIT_LOC_STRINGS = YES;
				SWIFT_VERSION = 5.0;
			};
			name = Release;
		};
/* End XCBuildConfiguration section */

/* Begin XCConfigurationList section */
		47B3FCAD2B560099000FBC97 /* Build configuration list for PBXProject "FrenchSpelling" */ = {
			isa = XCConfigurationList;
			buildConfigurations = (
				47B3FCBF2B56009A000FBC97 /* Debug */,
				47B3FCC02B56009A000FBC97 /* Release */,
			);
			defaultConfigurationIsVisible = 0;
			defaultConfigurationName = Release;
		};
		47B3FCC12B56009A000FBC97 /* Build configuration list for PBXNativeTarget "FrenchSpelling" */ = {
			isa = XCConfigurationList;
			buildConfigurations = (
				47B3FCC22B56009A000FBC97 /* Debug */,
				47B3FCC32B56009A000FBC97 /* Release */,
			);
			defaultConfigurationIsVisible = 0;
			defaultConfigurationName = Release;
		};
/* End XCConfigurationList section */
	};
	rootObject = 47B3FCAA2B560099000FBC97 /* Project object */;
}
